
Microsoft Visual Studio Solution File, Format Version 12.00
# Visual Studio Version 17
VisualStudioVersion = 17.0.31903.59
MinimumVisualStudioVersion = 10.0.40219.1
Project("{FAE04EC0-301F-11D3-BF4B-00C04F79EFBC}") = "Audrey.Chat", "src\Audrey.Chat\Audrey.Chat.csproj", "{D76D8E3C-697E-4F26-8F50-6BCE5EEC23B4}"
EndProject
Global
	GlobalSection(SolutionConfigurationPlatforms) = preSolution
		Debug|Any CPU = Debug|Any CPU
		Release|Any CPU = Release|Any CPU
	EndGlobalSection
	GlobalSection(ProjectConfigurationPlatforms) = postSolution
		{D76D8E3C-697E-4F26-8F50-6BCE5EEC23B4}.Debug|Any CPU.ActiveCfg = Debug|Any CPU
		{D76D8E3C-697E-4F26-8F50-6BCE5EEC23B4}.Debug|Any CPU.Build.0 = Debug|Any CPU
		{D76D8E3C-697E-4F26-8F50-6BCE5EEC23B4}.Release|Any CPU.ActiveCfg = Release|Any CPU
		{D76D8E3C-697E-4F26-8F50-6BCE5EEC23B4}.Release|Any CPU.Build.0 = Release|Any CPU
	EndGlobalSection
EndGlobal
